
Microsoft Visual Studio Solution File, Format Version 12.00
# Visual Studio Version 17
VisualStudioVersion = 17.8.34511.84
MinimumVisualStudioVersion = 10.0.40219.1
Project("{FAE04EC0-301F-11D3-BF4B-00C04F79EFBC}") = "Responsive", "Responsive\Responsive.csproj", "{81C82C17-9E1D-4EBF-A94D-D1336FF5573B}"
EndProject
Global
	GlobalSection(SolutionConfigurationPlatforms) = preSolution
		Debug|Any CPU = Debug|Any CPU
		Release|Any CPU = Release|Any CPU
	EndGlobalSection
	GlobalSection(ProjectConfigurationPlatforms) = postSolution
		{81C82C17-9E1D-4EBF-A94D-D1336FF5573B}.Debug|Any CPU.ActiveCfg = Debug|Any CPU
		{81C82C17-9E1D-4EBF-A94D-D1336FF5573B}.Debug|Any CPU.Build.0 = Debug|Any CPU
		{81C82C17-9E1D-4EBF-A94D-D1336FF5573B}.Release|Any CPU.ActiveCfg = Release|Any CPU
		{81C82C17-9E1D-4EBF-A94D-D1336FF5573B}.Release|Any CPU.Build.0 = Release|Any CPU
	EndGlobalSection
	GlobalSection(SolutionProperties) = preSolution
		HideSolutionNode = FALSE
	EndGlobalSection
	GlobalSection(ExtensibilityGlobals) = postSolution
		SolutionGuid = {FB09348F-6BC8-49BB-8A97-47297B4FD1B2}
	EndGlobalSection
EndGlobal
